// !$*UTF8*$!
{
	archiveVersion = 1;
	classes = {
	};
	objectVersion = 46;
	objects = {

/* Begin PBXBuildFile section */
		2908C786174D321100E11F98 /* Custom1Cell.m in Sources */ = {isa = PBXBuildFile; fileRef = 2908C785174D321100E11F98 /* Custom1Cell.m */; };
		292C66C4175CE31D0000F60E /* AllViewController.m in Sources */ = {isa = PBXBuildFile; fileRef = 292C66C3175CE31D0000F60E /* AllViewController.m */; };
		2950B3B2175E036B00EA67E5 /* cell-bg-highlighted.png in Resources */ = {isa = PBXBuildFile; fileRef = 2950B3AE175E036B00EA67E5 /* cell-bg-highlighted.png */; };
		2950B3B3175E036B00EA67E5 /* cell-bg-highlighted@2x.png in Resources */ = {isa = PBXBuildFile; fileRef = 2950B3AF175E036B00EA67E5 /* cell-bg-highlighted@2x.png */; };
		2950B3B4175E036B00EA67E5 /* cell-bg.png in Resources */ = {isa = PBXBuildFile; fileRef = 2950B3B0175E036B00EA67E5 /* cell-bg.png */; };
		2950B3B5175E036B00EA67E5 /* cell-bg@2x.png in Resources */ = {isa = PBXBuildFile; fileRef = 2950B3B1175E036B00EA67E5 /* cell-bg@2x.png */; };
		2952F35F174FFD3800A07869 /* MenuViewController.m in Sources */ = {isa = PBXBuildFile; fileRef = 2952F35E174FFD3800A07869 /* MenuViewController.m */; };
		2952F362174FFE9C00A07869 /* QuartzCore.framework in Frameworks */ = {isa = PBXBuildFile; fileRef = 2952F361174FFE9C00A07869 /* QuartzCore.framework */; };
		2952F364174FFEA600A07869 /* iAd.framework in Frameworks */ = {isa = PBXBuildFile; fileRef = 2952F363174FFEA600A07869 /* iAd.framework */; settings = {ATTRIBUTES = (Weak, ); }; };
		2952F366174FFEBA00A07869 /* AdSupport.framework in Frameworks */ = {isa = PBXBuildFile; fileRef = 2952F365174FFEBA00A07869 /* AdSupport.framework */; settings = {ATTRIBUTES = (Weak, ); }; };
		295D5B9C1755090D005D4919 /* MenuRightViewController.m in Sources */ = {isa = PBXBuildFile; fileRef = 295D5B9B1755090D005D4919 /* MenuRightViewController.m */; };
		295D5B9F17551F1F005D4919 /* TopNavViewController.m in Sources */ = {isa = PBXBuildFile; fileRef = 295D5B9E17551F1F005D4919 /* TopNavViewController.m */; };
		29686A22174FFB6A004856C8 /* IntialSlidingViewController.m in Sources */ = {isa = PBXBuildFile; fileRef = 29686A21174FFB6A004856C8 /* IntialSlidingViewController.m */; };
		2993F11D174AA98900D48C88 /* UIKit.framework in Frameworks */ = {isa = PBXBuildFile; fileRef = 2993F11C174AA98900D48C88 /* UIKit.framework */; };
		2993F11F174AA98900D48C88 /* Foundation.framework in Frameworks */ = {isa = PBXBuildFile; fileRef = 2993F11E174AA98900D48C88 /* Foundation.framework */; };
		2993F121174AA98900D48C88 /* CoreGraphics.framework in Frameworks */ = {isa = PBXBuildFile; fileRef = 2993F120174AA98900D48C88 /* CoreGraphics.framework */; };
		2993F127174AA98900D48C88 /* InfoPlist.strings in Resources */ = {isa = PBXBuildFile; fileRef = 2993F125174AA98900D48C88 /* InfoPlist.strings */; };
		2993F129174AA98900D48C88 /* main.m in Sources */ = {isa = PBXBuildFile; fileRef = 2993F128174AA98900D48C88 /* main.m */; };
		2993F12D174AA98900D48C88 /* AppDelegate.m in Sources */ = {isa = PBXBuildFile; fileRef = 2993F12C174AA98900D48C88 /* AppDelegate.m */; };
		2993F12F174AA98900D48C88 /* Default.png in Resources */ = {isa = PBXBuildFile; fileRef = 2993F12E174AA98900D48C88 /* Default.png */; };
		2993F131174AA98900D48C88 /* Default@2x.png in Resources */ = {isa = PBXBuildFile; fileRef = 2993F130174AA98900D48C88 /* Default@2x.png */; };
		2993F133174AA98900D48C88 /* Default-568h@2x.png in Resources */ = {isa = PBXBuildFile; fileRef = 2993F132174AA98900D48C88 /* Default-568h@2x.png */; };
		2993F13B174AA9D800D48C88 /* CoreData.framework in Frameworks */ = {isa = PBXBuildFile; fileRef = 2993F13A174AA9D800D48C88 /* CoreData.framework */; };
		2993F13E174AAA8A00D48C88 /* DoneIts.xcdatamodeld in Sources */ = {isa = PBXBuildFile; fileRef = 2993F13C174AAA8A00D48C88 /* DoneIts.xcdatamodeld */; };
		2993F143174AC6CC00D48C88 /* _DoneIt.m in Sources */ = {isa = PBXBuildFile; fileRef = 2993F140174AC6CC00D48C88 /* _DoneIt.m */; };
		2993F144174AC6CC00D48C88 /* DoneIt.m in Sources */ = {isa = PBXBuildFile; fileRef = 2993F142174AC6CC00D48C88 /* DoneIt.m */; };
		2993F147174AC73400D48C88 /* DoneItsDataModel.m in Sources */ = {isa = PBXBuildFile; fileRef = 2993F146174AC73400D48C88 /* DoneItsDataModel.m */; };
		2993F14D174ACA8C00D48C88 /* Storyboard.storyboard in Resources */ = {isa = PBXBuildFile; fileRef = 2993F14C174ACA8C00D48C88 /* Storyboard.storyboard */; };
		2993F150174ACBD300D48C88 /* TestViewController.m in Sources */ = {isa = PBXBuildFile; fileRef = 2993F14F174ACBD300D48C88 /* TestViewController.m */; };
		2993F153174ACC8900D48C88 /* TestTableViewController.m in Sources */ = {isa = PBXBuildFile; fileRef = 2993F152174ACC8900D48C88 /* TestTableViewController.m */; };
		D3129DBD6E0F4E12A0341F40 /* libPods.a in Frameworks */ = {isa = PBXBuildFile; fileRef = A62008B7AF904062A3FAF9A4 /* libPods.a */; };
/* End PBXBuildFile section */

/* Begin PBXFileReference section */
		27F652CD622A4AD0B476E4B8 /* Pods.xcconfig */ = {isa = PBXFileReference; includeInIndex = 1; lastKnownFileType = text.xcconfig; name = Pods.xcconfig; path = Pods/Pods.xcconfig; sourceTree = SOURCE_ROOT; };
		2908C784174D321100E11F98 /* Custom1Cell.h */ = {isa = PBXFileReference; fileEncoding = 4; lastKnownFileType = sourcecode.c.h; path = Custom1Cell.h; sourceTree = "<group>"; };
		2908C785174D321100E11F98 /* Custom1Cell.m */ = {isa = PBXFileReference; fileEncoding = 4; lastKnownFileType = sourcecode.c.objc; path = Custom1Cell.m; sourceTree = "<group>"; };
		292C66C2175CE31D0000F60E /* AllViewController.h */ = {isa = PBXFileReference; fileEncoding = 4; lastKnownFileType = sourcecode.c.h; path = AllViewController.h; sourceTree = "<group>"; };
		292C66C3175CE31D0000F60E /* AllViewController.m */ = {isa = PBXFileReference; fileEncoding = 4; lastKnownFileType = sourcecode.c.objc; path = AllViewController.m; sourceTree = "<group>"; };
		2950B3AE175E036B00EA67E5 /* cell-bg-highlighted.png */ = {isa = PBXFileReference; lastKnownFileType = image.png; path = "cell-bg-highlighted.png"; sourceTree = "<group>"; };
		2950B3AF175E036B00EA67E5 /* cell-bg-highlighted@2x.png */ = {isa = PBXFileReference; lastKnownFileType = image.png; path = "cell-bg-highlighted@2x.png"; sourceTree = "<group>"; };
		2950B3B0175E036B00EA67E5 /* cell-bg.png */ = {isa = PBXFileReference; lastKnownFileType = image.png; path = "cell-bg.png"; sourceTree = "<group>"; };
		2950B3B1175E036B00EA67E5 /* cell-bg@2x.png */ = {isa = PBXFileReference; lastKnownFileType = image.png; path = "cell-bg@2x.png"; sourceTree = "<group>"; };
		2952F35D174FFD3800A07869 /* MenuViewController.h */ = {isa = PBXFileReference; fileEncoding = 4; lastKnownFileType = sourcecode.c.h; path = MenuViewController.h; sourceTree = "<group>"; };
		2952F35E174FFD3800A07869 /* MenuViewController.m */ = {isa = PBXFileReference; fileEncoding = 4; lastKnownFileType = sourcecode.c.objc; path = MenuViewController.m; sourceTree = "<group>"; };
		2952F361174FFE9C00A07869 /* QuartzCore.framework */ = {isa = PBXFileReference; lastKnownFileType = wrapper.framework; name = QuartzCore.framework; path = System/Library/Frameworks/QuartzCore.framework; sourceTree = SDKROOT; };
		2952F363174FFEA600A07869 /* iAd.framework */ = {isa = PBXFileReference; lastKnownFileType = wrapper.framework; name = iAd.framework; path = System/Library/Frameworks/iAd.framework; sourceTree = SDKROOT; };
		2952F365174FFEBA00A07869 /* AdSupport.framework */ = {isa = PBXFileReference; lastKnownFileType = wrapper.framework; name = AdSupport.framework; path = System/Library/Frameworks/AdSupport.framework; sourceTree = SDKROOT; };
		295D5B9A1755090D005D4919 /* MenuRightViewController.h */ = {isa = PBXFileReference; fileEncoding = 4; lastKnownFileType = sourcecode.c.h; path = MenuRightViewController.h; sourceTree = "<group>"; };
		295D5B9B1755090D005D4919 /* MenuRightViewController.m */ = {isa = PBXFileReference; fileEncoding = 4; lastKnownFileType = sourcecode.c.objc; path = MenuRightViewController.m; sourceTree = "<group>"; };
		295D5B9D17551F1F005D4919 /* TopNavViewController.h */ = {isa = PBXFileReference; fileEncoding = 4; lastKnownFileType = sourcecode.c.h; path = TopNavViewController.h; sourceTree = "<group>"; };
		295D5B9E17551F1F005D4919 /* TopNavViewController.m */ = {isa = PBXFileReference; fileEncoding = 4; lastKnownFileType = sourcecode.c.objc; path = TopNavViewController.m; sourceTree = "<group>"; };
		29686A20174FFB69004856C8 /* IntialSlidingViewController.h */ = {isa = PBXFileReference; fileEncoding = 4; lastKnownFileType = sourcecode.c.h; path = IntialSlidingViewController.h; sourceTree = "<group>"; };
		29686A21174FFB6A004856C8 /* IntialSlidingViewController.m */ = {isa = PBXFileReference; fileEncoding = 4; lastKnownFileType = sourcecode.c.objc; path = IntialSlidingViewController.m; sourceTree = "<group>"; };
		2993F119174AA98900D48C88 /* DoneIt.app */ = {isa = PBXFileReference; explicitFileType = wrapper.application; includeInIndex = 0; path = DoneIt.app; sourceTree = BUILT_PRODUCTS_DIR; };
		2993F11C174AA98900D48C88 /* UIKit.framework */ = {isa = PBXFileReference; lastKnownFileType = wrapper.framework; name = UIKit.framework; path = System/Library/Frameworks/UIKit.framework; sourceTree = SDKROOT; };
		2993F11E174AA98900D48C88 /* Foundation.framework */ = {isa = PBXFileReference; lastKnownFileType = wrapper.framework; name = Foundation.framework; path = System/Library/Frameworks/Foundation.framework; sourceTree = SDKROOT; };
		2993F120174AA98900D48C88 /* CoreGraphics.framework */ = {isa = PBXFileReference; lastKnownFileType = wrapper.framework; name = CoreGraphics.framework; path = System/Library/Frameworks/CoreGraphics.framework; sourceTree = SDKROOT; };
		2993F124174AA98900D48C88 /* DoneIt-Info.plist */ = {isa = PBXFileReference; lastKnownFileType = text.plist.xml; path = "DoneIt-Info.plist"; sourceTree = "<group>"; };
		2993F126174AA98900D48C88 /* en */ = {isa = PBXFileReference; lastKnownFileType = text.plist.strings; name = en; path = en.lproj/InfoPlist.strings; sourceTree = "<group>"; };
		2993F128174AA98900D48C88 /* main.m */ = {isa = PBXFileReference; lastKnownFileType = sourcecode.c.objc; path = main.m; sourceTree = "<group>"; };
		2993F12A174AA98900D48C88 /* DoneIt-Prefix.pch */ = {isa = PBXFileReference; lastKnownFileType = sourcecode.c.h; path = "DoneIt-Prefix.pch"; sourceTree = "<group>"; };
		2993F12B174AA98900D48C88 /* AppDelegate.h */ = {isa = PBXFileReference; lastKnownFileType = sourcecode.c.h; path = AppDelegate.h; sourceTree = "<group>"; };
		2993F12C174AA98900D48C88 /* AppDelegate.m */ = {isa = PBXFileReference; lastKnownFileType = sourcecode.c.objc; path = AppDelegate.m; sourceTree = "<group>"; };
		2993F12E174AA98900D48C88 /* Default.png */ = {isa = PBXFileReference; lastKnownFileType = image.png; path = Default.png; sourceTree = "<group>"; };
		2993F130174AA98900D48C88 /* Default@2x.png */ = {isa = PBXFileReference; lastKnownFileType = image.png; path = "Default@2x.png"; sourceTree = "<group>"; };
		2993F132174AA98900D48C88 /* Default-568h@2x.png */ = {isa = PBXFileReference; lastKnownFileType = image.png; path = "Default-568h@2x.png"; sourceTree = "<group>"; };
		2993F13A174AA9D800D48C88 /* CoreData.framework */ = {isa = PBXFileReference; lastKnownFileType = wrapper.framework; name = CoreData.framework; path = System/Library/Frameworks/CoreData.framework; sourceTree = SDKROOT; };
		2993F13D174AAA8A00D48C88 /* DoneIts.xcdatamodel */ = {isa = PBXFileReference; lastKnownFileType = wrapper.xcdatamodel; path = DoneIts.xcdatamodel; sourceTree = "<group>"; };
		2993F13F174AC6CC00D48C88 /* _DoneIt.h */ = {isa = PBXFileReference; fileEncoding = 4; lastKnownFileType = sourcecode.c.h; path = _DoneIt.h; sourceTree = "<group>"; };
		2993F140174AC6CC00D48C88 /* _DoneIt.m */ = {isa = PBXFileReference; fileEncoding = 4; lastKnownFileType = sourcecode.c.objc; path = _DoneIt.m; sourceTree = "<group>"; };
		2993F141174AC6CC00D48C88 /* DoneIt.h */ = {isa = PBXFileReference; fileEncoding = 4; lastKnownFileType = sourcecode.c.h; path = DoneIt.h; sourceTree = "<group>"; };
		2993F142174AC6CC00D48C88 /* DoneIt.m */ = {isa = PBXFileReference; fileEncoding = 4; lastKnownFileType = sourcecode.c.objc; path = DoneIt.m; sourceTree = "<group>"; };
		2993F145174AC73400D48C88 /* DoneItsDataModel.h */ = {isa = PBXFileReference; fileEncoding = 4; lastKnownFileType = sourcecode.c.h; path = DoneItsDataModel.h; sourceTree = "<group>"; };
		2993F146174AC73400D48C88 /* DoneItsDataModel.m */ = {isa = PBXFileReference; fileEncoding = 4; lastKnownFileType = sourcecode.c.objc; path = DoneItsDataModel.m; sourceTree = "<group>"; };
		2993F14C174ACA8C00D48C88 /* Storyboard.storyboard */ = {isa = PBXFileReference; fileEncoding = 4; lastKnownFileType = file.storyboard; path = Storyboard.storyboard; sourceTree = "<group>"; };
		2993F14E174ACBD300D48C88 /* TestViewController.h */ = {isa = PBXFileReference; fileEncoding = 4; lastKnownFileType = sourcecode.c.h; path = TestViewController.h; sourceTree = "<group>"; };
		2993F14F174ACBD300D48C88 /* TestViewController.m */ = {isa = PBXFileReference; fileEncoding = 4; lastKnownFileType = sourcecode.c.objc; path = TestViewController.m; sourceTree = "<group>"; };
		2993F151174ACC8900D48C88 /* TestTableViewController.h */ = {isa = PBXFileReference; fileEncoding = 4; lastKnownFileType = sourcecode.c.h; path = TestTableViewController.h; sourceTree = "<group>"; };
		2993F152174ACC8900D48C88 /* TestTableViewController.m */ = {isa = PBXFileReference; fileEncoding = 4; lastKnownFileType = sourcecode.c.objc; path = TestTableViewController.m; sourceTree = "<group>"; };
		A62008B7AF904062A3FAF9A4 /* libPods.a */ = {isa = PBXFileReference; explicitFileType = archive.ar; includeInIndex = 0; path = libPods.a; sourceTree = BUILT_PRODUCTS_DIR; };
/* End PBXFileReference section */

/* Begin PBXFrameworksBuildPhase section */
		2993F116174AA98900D48C88 /* Frameworks */ = {
			isa = PBXFrameworksBuildPhase;
			buildActionMask = 2147483647;
			files = (
				2952F366174FFEBA00A07869 /* AdSupport.framework in Frameworks */,
				2952F364174FFEA600A07869 /* iAd.framework in Frameworks */,
				2952F362174FFE9C00A07869 /* QuartzCore.framework in Frameworks */,
				2993F13B174AA9D800D48C88 /* CoreData.framework in Frameworks */,
				2993F11D174AA98900D48C88 /* UIKit.framework in Frameworks */,
				2993F11F174AA98900D48C88 /* Foundation.framework in Frameworks */,
				2993F121174AA98900D48C88 /* CoreGraphics.framework in Frameworks */,
				D3129DBD6E0F4E12A0341F40 /* libPods.a in Frameworks */,
			);
			runOnlyForDeploymentPostprocessing = 0;
		};
/* End PBXFrameworksBuildPhase section */

/* Begin PBXGroup section */
		2950B3AD175E033700EA67E5 /* Resources */ = {
			isa = PBXGroup;
			children = (
				2950B3AE175E036B00EA67E5 /* cell-bg-highlighted.png */,
				2950B3AF175E036B00EA67E5 /* cell-bg-highlighted@2x.png */,
				2950B3B0175E036B00EA67E5 /* cell-bg.png */,
				2950B3B1175E036B00EA67E5 /* cell-bg@2x.png */,
			);
			path = Resources;
			sourceTree = "<group>";
		};
		2952F360174FFD4F00A07869 /* Sliders */ = {
			isa = PBXGroup;
			children = (
				29686A20174FFB69004856C8 /* IntialSlidingViewController.h */,
				29686A21174FFB6A004856C8 /* IntialSlidingViewController.m */,
				295D5B9D17551F1F005D4919 /* TopNavViewController.h */,
				295D5B9E17551F1F005D4919 /* TopNavViewController.m */,
				2952F35D174FFD3800A07869 /* MenuViewController.h */,
				2952F35E174FFD3800A07869 /* MenuViewController.m */,
				295D5B9A1755090D005D4919 /* MenuRightViewController.h */,
				295D5B9B1755090D005D4919 /* MenuRightViewController.m */,
			);
			name = Sliders;
			sourceTree = "<group>";
		};
		2993F110174AA98900D48C88 = {
			isa = PBXGroup;
			children = (
				2993F122174AA98900D48C88 /* DoneIt */,
				2993F11B174AA98900D48C88 /* Frameworks */,
				2993F11A174AA98900D48C88 /* Products */,
				27F652CD622A4AD0B476E4B8 /* Pods.xcconfig */,
			);
			sourceTree = "<group>";
		};
		2993F11A174AA98900D48C88 /* Products */ = {
			isa = PBXGroup;
			children = (
				2993F119174AA98900D48C88 /* DoneIt.app */,
			);
			name = Products;
			sourceTree = "<group>";
		};
		2993F11B174AA98900D48C88 /* Frameworks */ = {
			isa = PBXGroup;
			children = (
				2952F365174FFEBA00A07869 /* AdSupport.framework */,
				2952F363174FFEA600A07869 /* iAd.framework */,
				2952F361174FFE9C00A07869 /* QuartzCore.framework */,
				2993F13A174AA9D800D48C88 /* CoreData.framework */,
				2993F11C174AA98900D48C88 /* UIKit.framework */,
				2993F11E174AA98900D48C88 /* Foundation.framework */,
				2993F120174AA98900D48C88 /* CoreGraphics.framework */,
				A62008B7AF904062A3FAF9A4 /* libPods.a */,
			);
			name = Frameworks;
			sourceTree = "<group>";
		};
		2993F122174AA98900D48C88 /* DoneIt */ = {
			isa = PBXGroup;
			children = (
				2950B3AD175E033700EA67E5 /* Resources */,
				2993F14B174ACA4800D48C88 /* Controller */,
				2993F148174ACA2800D48C88 /* View */,
				2993F139174AA9B400D48C88 /* DataModel */,
				2993F12B174AA98900D48C88 /* AppDelegate.h */,
				2993F12C174AA98900D48C88 /* AppDelegate.m */,
				2993F123174AA98900D48C88 /* Supporting Files */,
			);
			path = DoneIt;
			sourceTree = "<group>";
		};
		2993F123174AA98900D48C88 /* Supporting Files */ = {
			isa = PBXGroup;
			children = (
				2993F124174AA98900D48C88 /* DoneIt-Info.plist */,
				2993F125174AA98900D48C88 /* InfoPlist.strings */,
				2993F128174AA98900D48C88 /* main.m */,
				2993F12A174AA98900D48C88 /* DoneIt-Prefix.pch */,
				2993F12E174AA98900D48C88 /* Default.png */,
				2993F130174AA98900D48C88 /* Default@2x.png */,
				2993F132174AA98900D48C88 /* Default-568h@2x.png */,
			);
			name = "Supporting Files";
			sourceTree = "<group>";
		};
		2993F139174AA9B400D48C88 /* DataModel */ = {
			isa = PBXGroup;
			children = (
				2993F13F174AC6CC00D48C88 /* _DoneIt.h */,
				2993F140174AC6CC00D48C88 /* _DoneIt.m */,
				2993F141174AC6CC00D48C88 /* DoneIt.h */,
				2993F142174AC6CC00D48C88 /* DoneIt.m */,
				2993F145174AC73400D48C88 /* DoneItsDataModel.h */,
				2993F146174AC73400D48C88 /* DoneItsDataModel.m */,
				2993F13C174AAA8A00D48C88 /* DoneIts.xcdatamodeld */,
			);
			path = DataModel;
			sourceTree = "<group>";
		};
		2993F148174ACA2800D48C88 /* View */ = {
			isa = PBXGroup;
			children = (
				2993F14C174ACA8C00D48C88 /* Storyboard.storyboard */,
				2908C784174D321100E11F98 /* Custom1Cell.h */,
				2908C785174D321100E11F98 /* Custom1Cell.m */,
			);
			path = View;
			sourceTree = "<group>";
		};
		2993F14B174ACA4800D48C88 /* Controller */ = {
			isa = PBXGroup;
			children = (
				2993F14E174ACBD300D48C88 /* TestViewController.h */,
				2993F14F174ACBD300D48C88 /* TestViewController.m */,
				2993F151174ACC8900D48C88 /* TestTableViewController.h */,
				2993F152174ACC8900D48C88 /* TestTableViewController.m */,
				292C66C2175CE31D0000F60E /* AllViewController.h */,
				292C66C3175CE31D0000F60E /* AllViewController.m */,
				2952F360174FFD4F00A07869 /* Sliders */,
			);
			path = Controller;
			sourceTree = "<group>";
		};
/* End PBXGroup section */

/* Begin PBXNativeTarget section */
		2993F118174AA98900D48C88 /* DoneIt */ = {
			isa = PBXNativeTarget;
			buildConfigurationList = 2993F136174AA98900D48C88 /* Build configuration list for PBXNativeTarget "DoneIt" */;
			buildPhases = (
				FA9994615CCA4F12918E3033 /* Check Pods Manifest.lock */,
				2993F115174AA98900D48C88 /* Sources */,
				2993F116174AA98900D48C88 /* Frameworks */,
				2993F117174AA98900D48C88 /* Resources */,
				A22FA653ED2D486595F457A1 /* Copy Pods Resources */,
			);
			buildRules = (
			);
			dependencies = (
			);
			name = DoneIt;
			productName = DoneIt;
			productReference = 2993F119174AA98900D48C88 /* DoneIt.app */;
			productType = "com.apple.product-type.application";
		};
/* End PBXNativeTarget section */

/* Begin PBXProject section */
		2993F111174AA98900D48C88 /* Project object */ = {
			isa = PBXProject;
			attributes = {
				LastUpgradeCheck = 0460;
				ORGANIZATIONNAME = rollintiger;
			};
			buildConfigurationList = 2993F114174AA98900D48C88 /* Build configuration list for PBXProject "DoneIt" */;
			compatibilityVersion = "Xcode 3.2";
			developmentRegion = English;
			hasScannedForEncodings = 0;
			knownRegions = (
				en,
			);
			mainGroup = 2993F110174AA98900D48C88;
			productRefGroup = 2993F11A174AA98900D48C88 /* Products */;
			projectDirPath = "";
			projectRoot = "";
			targets = (
				2993F118174AA98900D48C88 /* DoneIt */,
			);
		};
/* End PBXProject section */

/* Begin PBXResourcesBuildPhase section */
		2993F117174AA98900D48C88 /* Resources */ = {
			isa = PBXResourcesBuildPhase;
			buildActionMask = 2147483647;
			files = (
				2993F127174AA98900D48C88 /* InfoPlist.strings in Resources */,
				2993F12F174AA98900D48C88 /* Default.png in Resources */,
				2993F131174AA98900D48C88 /* Default@2x.png in Resources */,
				2993F133174AA98900D48C88 /* Default-568h@2x.png in Resources */,
				2993F14D174ACA8C00D48C88 /* Storyboard.storyboard in Resources */,
				2950B3B2175E036B00EA67E5 /* cell-bg-highlighted.png in Resources */,
				2950B3B3175E036B00EA67E5 /* cell-bg-highlighted@2x.png in Resources */,
				2950B3B4175E036B00EA67E5 /* cell-bg.png in Resources */,
				2950B3B5175E036B00EA67E5 /* cell-bg@2x.png in Resources */,
			);
			runOnlyForDeploymentPostprocessing = 0;
		};
/* End PBXResourcesBuildPhase section */

/* Begin PBXShellScriptBuildPhase section */
		A22FA653ED2D486595F457A1 /* Copy Pods Resources */ = {
			isa = PBXShellScriptBuildPhase;
			buildActionMask = 2147483647;
			files = (
			);
			inputPaths = (
			);
			name = "Copy Pods Resources";
			outputPaths = (
			);
			runOnlyForDeploymentPostprocessing = 0;
			shellPath = /bin/sh;
			shellScript = "\"${SRCROOT}/Pods/Pods-resources.sh\"\n";
		};
		FA9994615CCA4F12918E3033 /* Check Pods Manifest.lock */ = {
			isa = PBXShellScriptBuildPhase;
			buildActionMask = 2147483647;
			files = (
			);
			inputPaths = (
			);
			name = "Check Pods Manifest.lock";
			outputPaths = (
			);
			runOnlyForDeploymentPostprocessing = 0;
			shellPath = /bin/sh;
			shellScript = "diff \"${PODS_ROOT}/../Podfile.lock\" \"${PODS_ROOT}/Manifest.lock\" > /dev/null\nif [[ $? != 0 ]] ; then\n    cat << EOM\nerror: The sandbox is not in sync with the Podfile.lock. Run 'pod install' or update your CocoaPods installation.\nEOM\n    exit 1\nfi\n";
		};
/* End PBXShellScriptBuildPhase section */

/* Begin PBXSourcesBuildPhase section */
		2993F115174AA98900D48C88 /* Sources */ = {
			isa = PBXSourcesBuildPhase;
			buildActionMask = 2147483647;
			files = (
				2993F129174AA98900D48C88 /* main.m in Sources */,
				2993F12D174AA98900D48C88 /* AppDelegate.m in Sources */,
				2993F13E174AAA8A00D48C88 /* DoneIts.xcdatamodeld in Sources */,
				2993F143174AC6CC00D48C88 /* _DoneIt.m in Sources */,
				2993F144174AC6CC00D48C88 /* DoneIt.m in Sources */,
				2993F147174AC73400D48C88 /* DoneItsDataModel.m in Sources */,
				2993F150174ACBD300D48C88 /* TestViewController.m in Sources */,
				2993F153174ACC8900D48C88 /* TestTableViewController.m in Sources */,
				2908C786174D321100E11F98 /* Custom1Cell.m in Sources */,
				29686A22174FFB6A004856C8 /* IntialSlidingViewController.m in Sources */,
				2952F35F174FFD3800A07869 /* MenuViewController.m in Sources */,
				295D5B9C1755090D005D4919 /* MenuRightViewController.m in Sources */,
				295D5B9F17551F1F005D4919 /* TopNavViewController.m in Sources */,
				292C66C4175CE31D0000F60E /* AllViewController.m in Sources */,
			);
			runOnlyForDeploymentPostprocessing = 0;
		};
/* End PBXSourcesBuildPhase section */

/* Begin PBXVariantGroup section */
		2993F125174AA98900D48C88 /* InfoPlist.strings */ = {
			isa = PBXVariantGroup;
			children = (
				2993F126174AA98900D48C88 /* en */,
			);
			name = InfoPlist.strings;
			sourceTree = "<group>";
		};
/* End PBXVariantGroup section */

/* Begin XCBuildConfiguration section */
		296B468517581D5A0040F2DE /* Adhoc */ = {
			isa = XCBuildConfiguration;
			buildSettings = {
				ALWAYS_SEARCH_USER_PATHS = NO;
				CLANG_CXX_LANGUAGE_STANDARD = "gnu++0x";
				CLANG_CXX_LIBRARY = "libc++";
				CLANG_ENABLE_OBJC_ARC = YES;
				CLANG_WARN_CONSTANT_CONVERSION = YES;
				CLANG_WARN_EMPTY_BODY = YES;
				CLANG_WARN_ENUM_CONVERSION = YES;
				CLANG_WARN_INT_CONVERSION = YES;
				CLANG_WARN__DUPLICATE_METHOD_MATCH = YES;
				CODE_SIGN_IDENTITY = "iPhone Distribution";
				"CODE_SIGN_IDENTITY[sdk=iphoneos*]" = "iPhone Developer";
				COPY_PHASE_STRIP = YES;
				GCC_C_LANGUAGE_STANDARD = gnu99;
				GCC_WARN_ABOUT_RETURN_TYPE = YES;
				GCC_WARN_UNINITIALIZED_AUTOS = YES;
				GCC_WARN_UNUSED_VARIABLE = YES;
				IPHONEOS_DEPLOYMENT_TARGET = 6.1;
				OTHER_CFLAGS = "-DNS_BLOCK_ASSERTIONS=1";
				PROVISIONING_PROFILE = "";
				SDKROOT = iphoneos;
				VALIDATE_PRODUCT = YES;
			};
			name = Adhoc;
		};
		296B468617581D5A0040F2DE /* Adhoc */ = {
			isa = XCBuildConfiguration;
			baseConfigurationReference = 27F652CD622A4AD0B476E4B8 /* Pods.xcconfig */;
			buildSettings = {
				GCC_PRECOMPILE_PREFIX_HEADER = YES;
				GCC_PREFIX_HEADER = "DoneIt/DoneIt-Prefix.pch";
				INFOPLIST_FILE = "DoneIt/DoneIt-Info.plist";
				PRODUCT_NAME = "$(TARGET_NAME)";
				WRAPPER_EXTENSION = app;
			};
			name = Adhoc;
		};
		2993F134174AA98900D48C88 /* Debug */ = {
			isa = XCBuildConfiguration;
			buildSettings = {
				ALWAYS_SEARCH_USER_PATHS = NO;
				CLANG_CXX_LANGUAGE_STANDARD = "gnu++0x";
				CLANG_CXX_LIBRARY = "libc++";
				CLANG_ENABLE_OBJC_ARC = YES;
				CLANG_WARN_CONSTANT_CONVERSION = YES;
				CLANG_WARN_EMPTY_BODY = YES;
				CLANG_WARN_ENUM_CONVERSION = YES;
				CLANG_WARN_INT_CONVERSION = YES;
				CLANG_WARN__DUPLICATE_METHOD_MATCH = YES;
				CODE_SIGN_IDENTITY = "iPhone Distribution";
				"CODE_SIGN_IDENTITY[sdk=iphoneos*]" = "iPhone Developer";
				COPY_PHASE_STRIP = NO;
				GCC_C_LANGUAGE_STANDARD = gnu99;
				GCC_DYNAMIC_NO_PIC = NO;
				GCC_OPTIMIZATION_LEVEL = 0;
				GCC_PREPROCESSOR_DEFINITIONS = (
					"DEBUG=1",
					"$(inherited)",
				);
				GCC_SYMBOLS_PRIVATE_EXTERN = NO;
				GCC_WARN_ABOUT_RETURN_TYPE = YES;
				GCC_WARN_UNINITIALIZED_AUTOS = YES;
				GCC_WARN_UNUSED_VARIABLE = YES;
				IPHONEOS_DEPLOYMENT_TARGET = 6.1;
				ONLY_ACTIVE_ARCH = YES;
				PROVISIONING_PROFILE = "";
				SDKROOT = iphoneos;
			};
			name = Debug;
		};
		2993F135174AA98900D48C88 /* Release */ = {
			isa = XCBuildConfiguration;
			buildSettings = {
				ALWAYS_SEARCH_USER_PATHS = NO;
				CLANG_CXX_LANGUAGE_STANDARD = "gnu++0x";
				CLANG_CXX_LIBRARY = "libc++";
				CLANG_ENABLE_OBJC_ARC = YES;
				CLANG_WARN_CONSTANT_CONVERSION = YES;
				CLANG_WARN_EMPTY_BODY = YES;
				CLANG_WARN_ENUM_CONVERSION = YES;
				CLANG_WARN_INT_CONVERSION = YES;
				CLANG_WARN__DUPLICATE_METHOD_MATCH = YES;
				CODE_SIGN_IDENTITY = "iPhone Distribution";
				"CODE_SIGN_IDENTITY[sdk=iphoneos*]" = "iPhone Developer";
				COPY_PHASE_STRIP = YES;
				GCC_C_LANGUAGE_STANDARD = gnu99;
				GCC_WARN_ABOUT_RETURN_TYPE = YES;
				GCC_WARN_UNINITIALIZED_AUTOS = YES;
				GCC_WARN_UNUSED_VARIABLE = YES;
				IPHONEOS_DEPLOYMENT_TARGET = 6.1;
				OTHER_CFLAGS = "-DNS_BLOCK_ASSERTIONS=1";
				PROVISIONING_PROFILE = "";
				SDKROOT = iphoneos;
				VALIDATE_PRODUCT = YES;
			};
			name = Release;
		};
		2993F137174AA98900D48C88 /* Debug */ = {
			isa = XCBuildConfiguration;
			baseConfigurationReference = 27F652CD622A4AD0B476E4B8 /* Pods.xcconfig */;
			buildSettings = {
				GCC_PRECOMPILE_PREFIX_HEADER = YES;
				GCC_PREFIX_HEADER = "DoneIt/DoneIt-Prefix.pch";
				INFOPLIST_FILE = "DoneIt/DoneIt-Info.plist";
				PRODUCT_NAME = "$(TARGET_NAME)";
				WRAPPER_EXTENSION = app;
			};
			name = Debug;
		};
		2993F138174AA98900D48C88 /* Release */ = {
			isa = XCBuildConfiguration;
			baseConfigurationReference = 27F652CD622A4AD0B476E4B8 /* Pods.xcconfig */;
			buildSettings = {
				GCC_PRECOMPILE_PREFIX_HEADER = YES;
				GCC_PREFIX_HEADER = "DoneIt/DoneIt-Prefix.pch";
				INFOPLIST_FILE = "DoneIt/DoneIt-Info.plist";
				PRODUCT_NAME = "$(TARGET_NAME)";
				WRAPPER_EXTENSION = app;
			};
			name = Release;
		};
/* End XCBuildConfiguration section */

/* Begin XCConfigurationList section */
		2993F114174AA98900D48C88 /* Build configuration list for PBXProject "DoneIt" */ = {
			isa = XCConfigurationList;
			buildConfigurations = (
				2993F134174AA98900D48C88 /* Debug */,
				2993F135174AA98900D48C88 /* Release */,
				296B468517581D5A0040F2DE /* Adhoc */,
			);
			defaultConfigurationIsVisible = 0;
			defaultConfigurationName = Release;
		};
		2993F136174AA98900D48C88 /* Build configuration list for PBXNativeTarget "DoneIt" */ = {
			isa = XCConfigurationList;
			buildConfigurations = (
				2993F137174AA98900D48C88 /* Debug */,
				2993F138174AA98900D48C88 /* Release */,
				296B468617581D5A0040F2DE /* Adhoc */,
			);
			defaultConfigurationIsVisible = 0;
			defaultConfigurationName = Release;
		};
/* End XCConfigurationList section */

/* Begin XCVersionGroup section */
		2993F13C174AAA8A00D48C88 /* DoneIts.xcdatamodeld */ = {
			isa = XCVersionGroup;
			children = (
				2993F13D174AAA8A00D48C88 /* DoneIts.xcdatamodel */,
			);
			currentVersion = 2993F13D174AAA8A00D48C88 /* DoneIts.xcdatamodel */;
			path = DoneIts.xcdatamodeld;
			sourceTree = "<group>";
			versionGroupType = wrapper.xcdatamodel;
		};
/* End XCVersionGroup section */
	};
	rootObject = 2993F111174AA98900D48C88 /* Project object */;
}
